<?xml version="1.0" encoding="utf-8"?>
<Project ToolsVersion="4.0" xmlns="http://schemas.microsoft.com/developer/msbuild/2003">
  <ItemGroup>
    <Filter Include="win32">
      <UniqueIdentifier>{84a8ebd7-7cf0-47f6-b75e-d441df67da40}</UniqueIdentifier>
    </Filter>
    <Filter Include="Classes">
      <UniqueIdentifier>{bb6c862e-70e9-49d9-81b7-3829a6f50471}</UniqueIdentifier>
    </Filter>
    <Filter Include="Classes\Homework_1">
      <UniqueIdentifier>{225c055c-d53d-497a-90db-41c5a9eea97a}</UniqueIdentifier>
    </Filter>
    <Filter Include="Classes\Experiment_1">
      <UniqueIdentifier>{8ee0ae0e-8fee-4233-9198-d4f4eff7baac}</UniqueIdentifier>
    </Filter>
    <Filter Include="Classes\View">
      <UniqueIdentifier>{4f18eb23-62b6-415a-9a48-edd635e68664}</UniqueIdentifier>
    </Filter>
    <Filter Include="Classes\Exercise_2">
      <UniqueIdentifier>{b5b85bef-7abb-4daa-abc6-8a920611a112}</UniqueIdentifier>
    </Filter>
    <Filter Include="Classes\Homework_2">
      <UniqueIdentifier>{c71e3fc5-31e1-43db-9698-158b6b48d0a7}</UniqueIdentifier>
    </Filter>
  </ItemGroup>
  <ItemGroup>
    <ClCompile Include="main.cpp">
      <Filter>win32</Filter>
    </ClCompile>
    <ClCompile Include="..\Classes\AppDelegate.cpp">
      <Filter>Classes</Filter>
    </ClCompile>
    <ClCompile Include="..\Classes\controller.cpp">
      <Filter>Classes</Filter>
    </ClCompile>
    <ClCompile Include="..\Classes\testBasic.cpp">
      <Filter>Classes</Filter>
    </ClCompile>
    <ClCompile Include="..\Classes\VisibleRect.cpp">
      <Filter>Classes</Filter>
    </ClCompile>
    <ClCompile Include="..\Classes\BaseTest.cpp">
      <Filter>Classes</Filter>
    </ClCompile>
    <ClCompile Include="..\Classes\Homework_1\HomeworkScene_1.cpp">
      <Filter>Classes\Homework_1</Filter>
    </ClCompile>
    <ClCompile Include="..\Classes\Experiment_1\Experiment_1.cpp">
      <Filter>Classes\Experiment_1</Filter>
    </ClCompile>
    <ClCompile Include="..\Classes\View\LightBoard.cpp">
      <Filter>Classes\View</Filter>
    </ClCompile>
    <ClCompile Include="..\Classes\View\SingleLight.cpp">
      <Filter>Classes\View</Filter>
    </ClCompile>
    <ClCompile Include="..\Classes\Exercise_2\Exercise_2_1.cpp">
      <Filter>Classes\Exercise_2</Filter>
    </ClCompile>
    <ClCompile Include="..\Classes\Exercise_2\Exercise_2_2.cpp">
      <Filter>Classes\Exercise_2</Filter>
    </ClCompile>
    <ClCompile Include="..\Classes\Exercise_2\Exercise_2_3.cpp">
      <Filter>Classes\Exercise_2</Filter>
    </ClCompile>
    <ClCompile Include="..\Classes\Exercise_2\Exercise_2_4.cpp">
      <Filter>Classes\Exercise_2</Filter>
    </ClCompile>
    <ClCompile Include="..\Classes\Exercise_2\ExerciseScene_2.cpp">
      <Filter>Classes\Exercise_2</Filter>
    </ClCompile>
    <ClCompile Include="..\Classes\Homework_2\Homework_2_1.cpp">
      <Filter>Classes\Homework_2</Filter>
    </ClCompile>
    <ClCompile Include="..\Classes\Homework_2\Homework_2_2.cpp">
      <Filter>Classes\Homework_2</Filter>
    </ClCompile>
    <ClCompile Include="..\Classes\Homework_2\HomeworkScene_2.cpp">
      <Filter>Classes\Homework_2</Filter>
    </ClCompile>
  </ItemGroup>
  <ItemGroup>
    <ClInclude Include="main.h">
      <Filter>win32</Filter>
    </ClInclude>
    <ClInclude Include="..\Classes\AppDelegate.h">
      <Filter>Classes</Filter>
    </ClInclude>
    <ClInclude Include="..\Classes\controller.h">
      <Filter>Classes</Filter>
    </ClInclude>
    <ClInclude Include="..\Classes\testBasic.h">
      <Filter>Classes</Filter>
    </ClInclude>
    <ClInclude Include="..\Classes\testResource.h">
      <Filter>Classes</Filter>
    </ClInclude>
    <ClInclude Include="..\Classes\tests.h">
      <Filter>Classes</Filter>
    </ClInclude>
    <ClInclude Include="..\Classes\VisibleRect.h">
      <Filter>Classes</Filter>
    </ClInclude>
    <ClInclude Include="..\Classes\BaseTest.h">
      <Filter>Classes</Filter>
    </ClInclude>
    <ClInclude Include="..\Classes\Homework_1\HomeworkScene_1.h">
      <Filter>Classes\Homework_1</Filter>
    </ClInclude>
    <ClInclude Include="..\Classes\Experiment_1\Experiment_1.h">
      <Filter>Classes\Experiment_1</Filter>
    </ClInclude>
    <ClInclude Include="..\Classes\View\SingleLight.h">
      <Filter>Classes\View</Filter>
    </ClInclude>
    <ClInclude Include="..\Classes\View\LightBoard.h">
      <Filter>Classes\View</Filter>
    </ClInclude>
    <ClInclude Include="..\Classes\Exercise_2\Exercise_2_1.h">
      <Filter>Classes\Exercise_2</Filter>
    </ClInclude>
    <ClInclude Include="..\Classes\Exercise_2\Exercise_2_2.h">
      <Filter>Classes\Exercise_2</Filter>
    </ClInclude>
    <ClInclude Include="..\Classes\Exercise_2\Exercise_2_3.h">
      <Filter>Classes\Exercise_2</Filter>
    </ClInclude>
    <ClInclude Include="..\Classes\Exercise_2\Exercise_2_4.h">
      <Filter>Classes\Exercise_2</Filter>
    </ClInclude>
    <ClInclude Include="..\Classes\Exercise_2\ExerciseScene_2.h">
      <Filter>Classes\Exercise_2</Filter>
    </ClInclude>
    <ClInclude Include="..\Classes\Homework_2\Homework_2_1.h">
      <Filter>Classes\Homework_2</Filter>
    </ClInclude>
    <ClInclude Include="..\Classes\Homework_2\Homework_2_2.h">
      <Filter>Classes\Homework_2</Filter>
    </ClInclude>
    <ClInclude Include="..\Classes\Homework_2\HomeworkScene_2.h">
      <Filter>Classes\Homework_2</Filter>
    </ClInclude>
  </ItemGroup>
</Project>